github.com/PLWagner/golang-liner v0.0.0-20150326205248-e089fc8db893 h1:L9KobWQB5IBhkZ9Mnhj3Xf8mKwIyTMuBRmK9CZp0n/g=
github.com/PLWagner/golang-liner v0.0.0-20150326205248-e089fc8db893/go.mod h1:bV1JZ0nWtPzMvBa9kqXLDsmlloZ8DsMQAZ0aUbu26Oc=
github.com/inancgumus/screen v0.0.0-20190314163918-06e984b86ed3 h1:fO9A67/izFYFYky7l1pDP5Dr0BTCRkaQJUG6Jm5ehsk=
github.com/inancgumus/screen v0.0.0-20190314163918-06e984b86ed3/go.mod h1:Ey4uAp+LvIl+s5jRbOHLcZpUDnkjLBROl15fZLwPlTM=
github.com/spf13/pflag v1.0.10 h1:4EBh2KAYBwaONj6b2Ye1GiHfwjqyROoF4RwYO+vPwFk=
github.com/spf13/pflag v1.0.10/go.mod h1:McXfInJRrz4CZXVZOBLb0bTZqETkiAhM9Iw0y3An2Bg=
github.com/stanNthe5/stringbuf v0.0.3 h1:3ChRipDckEY6FykaQ1Dowy3B+ZQa72EDBCasvT5+D1w=
github.com/stanNthe5/stringbuf v0.0.3/go.mod h1:hii5Vr+mucoWkNJlIYQVp8YvuPtq45fFnJEAhcPf2cQ=
golang.org/x/crypto v0.54.0 h1:YLIA59K4fiNzHzjnZt2tUJQjQtUWfWbeHBqKtk3eScw=
golang.org/x/crypto v0.54.0/go.mod h1:KWL8ny2AZdGR2cWmzeHrp2azQPGogOv+HeQaVEXC2dk=
golang.org/x/sys v0.47.0 h1:o7XGOvZQCADBQQ4Y7VNq2dRWQR7JmOUW8Kxx4ZsNgWs=
golang.org/x/sys v0.47.0/go.mod h1:4GL1E5IUh+htKOUEOaiffhrAeqysfVGipDYzABqnCmw=
golang.org/x/term v0.45.0 h1:NwWyBmoJCbfTHpxrWoZ9C6/VxOf7ic219I8xZZFdrf0=
golang.org/x/term v0.45.0/go.mod h1:9aqxs0blBcrm/n0L9QW0aRVD+ktan8ssZromtqJC43w=
